// !$*UTF8*$!
{
	archiveVersion = 1;
	classes = {
	};
	objectVersion = 50;
	objects = {

/* Begin PBXBuildFile section */
		351BA4152196657500C7BD8C /* NIOHTTP1.framework in Frameworks */ = {isa = PBXBuildFile; fileRef = 351BA3F92196648300C7BD8C /* NIOHTTP1.framework */; };
		351BA4162196657500C7BD8C /* NIOHTTP1.framework in Embed Frameworks */ = {isa = PBXBuildFile; fileRef = 351BA3F92196648300C7BD8C /* NIOHTTP1.framework */; settings = {ATTRIBUTES = (CodeSignOnCopy, RemoveHeadersOnCopy, ); }; };
		351BA4192196657500C7BD8C /* NIOConcurrencyHelpers.framework in Frameworks */ = {isa = PBXBuildFile; fileRef = 351BA3F02196648100C7BD8C /* NIOConcurrencyHelpers.framework */; };
		351BA41A2196657500C7BD8C /* NIOConcurrencyHelpers.framework in Embed Frameworks */ = {isa = PBXBuildFile; fileRef = 351BA3F02196648100C7BD8C /* NIOConcurrencyHelpers.framework */; settings = {ATTRIBUTES = (CodeSignOnCopy, RemoveHeadersOnCopy, ); }; };
		351BA41D2196657500C7BD8C /* NIO.framework in Frameworks */ = {isa = PBXBuildFile; fileRef = 351BA3E72196647E00C7BD8C /* NIO.framework */; };
		351BA41E2196657500C7BD8C /* NIO.framework in Embed Frameworks */ = {isa = PBXBuildFile; fileRef = 351BA3E72196647E00C7BD8C /* NIO.framework */; settings = {ATTRIBUTES = (CodeSignOnCopy, RemoveHeadersOnCopy, ); }; };
		351BA4212196657500C7BD8C /* CNIOZlib.framework in Frameworks */ = {isa = PBXBuildFile; fileRef = 351BA3DE2196647A00C7BD8C /* CNIOZlib.framework */; };
		351BA4222196657500C7BD8C /* CNIOZlib.framework in Embed Frameworks */ = {isa = PBXBuildFile; fileRef = 351BA3DE2196647A00C7BD8C /* CNIOZlib.framework */; settings = {ATTRIBUTES = (CodeSignOnCopy, RemoveHeadersOnCopy, ); }; };
		351BA4252196657500C7BD8C /* CNIOHTTPParser.framework in Frameworks */ = {isa = PBXBuildFile; fileRef = 351BA3D52196647800C7BD8C /* CNIOHTTPParser.framework */; };
		351BA4262196657500C7BD8C /* CNIOHTTPParser.framework in Embed Frameworks */ = {isa = PBXBuildFile; fileRef = 351BA3D52196647800C7BD8C /* CNIOHTTPParser.framework */; settings = {ATTRIBUTES = (CodeSignOnCopy, RemoveHeadersOnCopy, ); }; };
		351BA4292196657500C7BD8C /* CNIODarwin.framework in Frameworks */ = {isa = PBXBuildFile; fileRef = 351BA3CC2196647500C7BD8C /* CNIODarwin.framework */; };
		351BA42A2196657500C7BD8C /* CNIODarwin.framework in Embed Frameworks */ = {isa = PBXBuildFile; fileRef = 351BA3CC2196647500C7BD8C /* CNIODarwin.framework */; settings = {ATTRIBUTES = (CodeSignOnCopy, RemoveHeadersOnCopy, ); }; };
		351BA42D2196657500C7BD8C /* CNIOAtomics.framework in Frameworks */ = {isa = PBXBuildFile; fileRef = 351BA3C32196646E00C7BD8C /* CNIOAtomics.framework */; };
		351BA42E2196657500C7BD8C /* CNIOAtomics.framework in Embed Frameworks */ = {isa = PBXBuildFile; fileRef = 351BA3C32196646E00C7BD8C /* CNIOAtomics.framework */; settings = {ATTRIBUTES = (CodeSignOnCopy, RemoveHeadersOnCopy, ); }; };
		3550A0EE219663BE000370C5 /* AppDelegate.swift in Sources */ = {isa = PBXBuildFile; fileRef = 3550A0ED219663BE000370C5 /* AppDelegate.swift */; };
		3550A0F0219663BE000370C5 /* ViewController.swift in Sources */ = {isa = PBXBuildFile; fileRef = 3550A0EF219663BE000370C5 /* ViewController.swift */; };
		3550A0F3219663BE000370C5 /* Main.storyboard in Resources */ = {isa = PBXBuildFile; fileRef = 3550A0F1219663BE000370C5 /* Main.storyboard */; };
		3550A0F5219663C0000370C5 /* Assets.xcassets in Resources */ = {isa = PBXBuildFile; fileRef = 3550A0F4219663C0000370C5 /* Assets.xcassets */; };
		3550A0F8219663C0000370C5 /* LaunchScreen.storyboard in Resources */ = {isa = PBXBuildFile; fileRef = 3550A0F6219663C0000370C5 /* LaunchScreen.storyboard */; };
		3550A103219663C0000370C5 /* swift_nio_demo_projectTests.swift in Sources */ = {isa = PBXBuildFile; fileRef = 3550A102219663C0000370C5 /* swift_nio_demo_projectTests.swift */; };
/* End PBXBuildFile section */

/* Begin PBXContainerItemProxy section */
		351BA3C22196646E00C7BD8C /* PBXContainerItemProxy */ = {
			isa = PBXContainerItemProxy;
			containerPortal = 351BA3BD2196646E00C7BD8C /* CNIOAtomics.xcodeproj */;
			proxyType = 2;
			remoteGlobalIDString = 35D1B61B21963F8300A3B9A6;
			remoteInfo = CNIOAtomics;
		};
		351BA3C42196646E00C7BD8C /* PBXContainerItemProxy */ = {
			isa = PBXContainerItemProxy;
			containerPortal = 351BA3BD2196646E00C7BD8C /* CNIOAtomics.xcodeproj */;
			proxyType = 2;
			remoteGlobalIDString = 35D1B62421963F8300A3B9A6;
			remoteInfo = CNIOAtomicsTests;
		};
		351BA3CB2196647500C7BD8C /* PBXContainerItemProxy */ = {
			isa = PBXContainerItemProxy;
			containerPortal = 351BA3C62196647400C7BD8C /* CNIODarwin.xcodeproj */;
			proxyType = 2;
			remoteGlobalIDString = 35D1B5F721963F6600A3B9A6;
			remoteInfo = CNIODarwin;
		};
		351BA3CD2196647500C7BD8C /* PBXContainerItemProxy */ = {
			isa = PBXContainerItemProxy;
			containerPortal = 351BA3C62196647400C7BD8C /* CNIODarwin.xcodeproj */;
			proxyType = 2;
			remoteGlobalIDString = 35D1B60021963F6700A3B9A6;
			remoteInfo = CNIODarwinTests;
		};
		351BA3D42196647800C7BD8C /* PBXContainerItemProxy */ = {
			isa = PBXContainerItemProxy;
			containerPortal = 351BA3CF2196647800C7BD8C /* CNIOHTTPParser.xcodeproj */;
			proxyType = 2;
			remoteGlobalIDString = 35E14EB021965DB4009970D0;
			remoteInfo = CNIOHTTPParser;
		};
		351BA3D62196647800C7BD8C /* PBXContainerItemProxy */ = {
			isa = PBXContainerItemProxy;
			containerPortal = 351BA3CF2196647800C7BD8C /* CNIOHTTPParser.xcodeproj */;
			proxyType = 2;
			remoteGlobalIDString = 35E14EB921965DB4009970D0;
			remoteInfo = CNIOHTTPParserTests;
		};
		351BA3DD2196647A00C7BD8C /* PBXContainerItemProxy */ = {
			isa = PBXContainerItemProxy;
			containerPortal = 351BA3D82196647A00C7BD8C /* CNIOZlib.xcodeproj */;
			proxyType = 2;
			remoteGlobalIDString = 35D1B66321963FB700A3B9A6;
			remoteInfo = CNIOZlib;
		};
		351BA3DF2196647A00C7BD8C /* PBXContainerItemProxy */ = {
			isa = PBXContainerItemProxy;
			containerPortal = 351BA3D82196647A00C7BD8C /* CNIOZlib.xcodeproj */;
			proxyType = 2;
			remoteGlobalIDString = 35D1B66C21963FB700A3B9A6;
			remoteInfo = CNIOZlibTests;
		};
		351BA3E62196647E00C7BD8C /* PBXContainerItemProxy */ = {
			isa = PBXContainerItemProxy;
			containerPortal = 351BA3E12196647D00C7BD8C /* NIO.xcodeproj */;
			proxyType = 2;
			remoteGlobalIDString = 35D1B58921963E7200A3B9A6;
			remoteInfo = NIO;
		};
		351BA3E82196647E00C7BD8C /* PBXContainerItemProxy */ = {
			isa = PBXContainerItemProxy;
			containerPortal = 351BA3E12196647D00C7BD8C /* NIO.xcodeproj */;
			proxyType = 2;
			remoteGlobalIDString = 35D1B59221963E7300A3B9A6;
			remoteInfo = NIOTests;
		};
		351BA3EF2196648100C7BD8C /* PBXContainerItemProxy */ = {
			isa = PBXContainerItemProxy;
			containerPortal = 351BA3EA2196648100C7BD8C /* NIOConcurrencyHelpers.xcodeproj */;
			proxyType = 2;
			remoteGlobalIDString = 35D1B63F21963F9600A3B9A6;
			remoteInfo = NIOConcurrencyHelpers;
		};
		351BA3F12196648100C7BD8C /* PBXContainerItemProxy */ = {
			isa = PBXContainerItemProxy;
			containerPortal = 351BA3EA2196648100C7BD8C /* NIOConcurrencyHelpers.xcodeproj */;
			proxyType = 2;
			remoteGlobalIDString = 35D1B64821963F9600A3B9A6;
			remoteInfo = NIOConcurrencyHelpersTests;
		};
		351BA3F82196648300C7BD8C /* PBXContainerItemProxy */ = {
			isa = PBXContainerItemProxy;
			containerPortal = 351BA3F32196648300C7BD8C /* NIOHTTP1.xcodeproj */;
			proxyType = 2;
			remoteGlobalIDString = 35D1B5B721963EBD00A3B9A6;
			remoteInfo = NIOHTTP1;
		};
		351BA3FA2196648300C7BD8C /* PBXContainerItemProxy */ = {
			isa = PBXContainerItemProxy;
			containerPortal = 351BA3F32196648300C7BD8C /* NIOHTTP1.xcodeproj */;
			proxyType = 2;
			remoteGlobalIDString = 35D1B5C021963EBD00A3B9A6;
			remoteInfo = NIOHTTP1Tests;
		};
		351BA4172196657500C7BD8C /* PBXContainerItemProxy */ = {
			isa = PBXContainerItemProxy;
			containerPortal = 351BA3F32196648300C7BD8C /* NIOHTTP1.xcodeproj */;
			proxyType = 1;
			remoteGlobalIDString = 35D1B5B621963EBD00A3B9A6;
			remoteInfo = NIOHTTP1;
		};
		351BA41B2196657500C7BD8C /* PBXContainerItemProxy */ = {
			isa = PBXContainerItemProxy;
			containerPortal = 351BA3EA2196648100C7BD8C /* NIOConcurrencyHelpers.xcodeproj */;
			proxyType = 1;
			remoteGlobalIDString = 35D1B63E21963F9600A3B9A6;
			remoteInfo = NIOConcurrencyHelpers;
		};
		351BA41F2196657500C7BD8C /* PBXContainerItemProxy */ = {
			isa = PBXContainerItemProxy;
			containerPortal = 351BA3E12196647D00C7BD8C /* NIO.xcodeproj */;
			proxyType = 1;
			remoteGlobalIDString = 35D1B58821963E7200A3B9A6;
			remoteInfo = NIO;
		};
		351BA4232196657500C7BD8C /* PBXContainerItemProxy */ = {
			isa = PBXContainerItemProxy;
			containerPortal = 351BA3D82196647A00C7BD8C /* CNIOZlib.xcodeproj */;
			proxyType = 1;
			remoteGlobalIDString = 35D1B66221963FB700A3B9A6;
			remoteInfo = CNIOZlib;
		};
		351BA4272196657500C7BD8C /* PBXContainerItemProxy */ = {
			isa = PBXContainerItemProxy;
			containerPortal = 351BA3CF2196647800C7BD8C /* CNIOHTTPParser.xcodeproj */;
			proxyType = 1;
			remoteGlobalIDString = 35E14EAF21965DB4009970D0;
			remoteInfo = CNIOHTTPParser;
		};
		351BA42B2196657500C7BD8C /* PBXContainerItemProxy */ = {
			isa = PBXContainerItemProxy;
			containerPortal = 351BA3C62196647400C7BD8C /* CNIODarwin.xcodeproj */;
			proxyType = 1;
			remoteGlobalIDString = 35D1B5F621963F6600A3B9A6;
			remoteInfo = CNIODarwin;
		};
		351BA42F2196657500C7BD8C /* PBXContainerItemProxy */ = {
			isa = PBXContainerItemProxy;
			containerPortal = 351BA3BD2196646E00C7BD8C /* CNIOAtomics.xcodeproj */;
			proxyType = 1;
			remoteGlobalIDString = 35D1B61A21963F8300A3B9A6;
			remoteInfo = CNIOAtomics;
		};
		3550A0FF219663C0000370C5 /* PBXContainerItemProxy */ = {
			isa = PBXContainerItemProxy;
			containerPortal = 3550A0E2219663BE000370C5 /* Project object */;
			proxyType = 1;
			remoteGlobalIDString = 3550A0E9219663BE000370C5;
			remoteInfo = "swift-nio-demo-project";
		};
		460DCB112196918B00CD46AF /* PBXContainerItemProxy */ = {
			isa = PBXContainerItemProxy;
			containerPortal = 460DCB062196918B00CD46AF /* NIOFoundationCompat.xcodeproj */;
			proxyType = 2;
			remoteGlobalIDString = 460DCAEC2196917700CD46AF;
			remoteInfo = NIOFoundationCompat;
		};
		460DCB132196918B00CD46AF /* PBXContainerItemProxy */ = {
			isa = PBXContainerItemProxy;
			containerPortal = 460DCB062196918B00CD46AF /* NIOFoundationCompat.xcodeproj */;
			proxyType = 2;
			remoteGlobalIDString = 460DCAF52196917700CD46AF;
			remoteInfo = NIOFoundationCompatTests;
		};
		460DCB1B2196919100CD46AF /* PBXContainerItemProxy */ = {
			isa = PBXContainerItemProxy;
			containerPortal = 460DCB162196919100CD46AF /* NIOPriorityQueue.xcodeproj */;
			proxyType = 2;
			remoteGlobalIDString = 460DCA802196911F00CD46AF;
			remoteInfo = NIOPriorityQueue;
		};
		460DCB1D2196919100CD46AF /* PBXContainerItemProxy */ = {
			isa = PBXContainerItemProxy;
			containerPortal = 460DCB162196919100CD46AF /* NIOPriorityQueue.xcodeproj */;
			proxyType = 2;
			remoteGlobalIDString = 460DCA892196911F00CD46AF;
			remoteInfo = NIOPriorityQueueTests;
		};
		460DCB242196919600CD46AF /* PBXContainerItemProxy */ = {
			isa = PBXContainerItemProxy;
			containerPortal = 460DCB1F2196919600CD46AF /* NIOTLS.xcodeproj */;
			proxyType = 2;
			remoteGlobalIDString = 460DCAA42196913100CD46AF;
			remoteInfo = NIOTLS;
		};
		460DCB262196919600CD46AF /* PBXContainerItemProxy */ = {
			isa = PBXContainerItemProxy;
			containerPortal = 460DCB1F2196919600CD46AF /* NIOTLS.xcodeproj */;
			proxyType = 2;
			remoteGlobalIDString = 460DCAAD2196913100CD46AF;
			remoteInfo = NIOTLSTests;
		};
		460DCB2D2196919A00CD46AF /* PBXContainerItemProxy */ = {
			isa = PBXContainerItemProxy;
			containerPortal = 460DCB282196919900CD46AF /* NIOWebSocket.xcodeproj */;
			proxyType = 2;
			remoteGlobalIDString = 460DCAC82196914800CD46AF;
			remoteInfo = NIOWebSocket;
		};
		460DCB2F2196919A00CD46AF /* PBXContainerItemProxy */ = {
			isa = PBXContainerItemProxy;
			containerPortal = 460DCB282196919900CD46AF /* NIOWebSocket.xcodeproj */;
			proxyType = 2;
			remoteGlobalIDString = 460DCAD12196914800CD46AF;
			remoteInfo = NIOWebSocketTests;
		};
		460DCB7D2196930900CD46AF /* PBXContainerItemProxy */ = {
			isa = PBXContainerItemProxy;
			containerPortal = 460DCB782196930800CD46AF /* CNIOSHA1.xcodeproj */;
			proxyType = 2;
			remoteGlobalIDString = 460DCB5E219692F400CD46AF;
			remoteInfo = CNIOSHA1;
		};
		460DCB7F2196930900CD46AF /* PBXContainerItemProxy */ = {
			isa = PBXContainerItemProxy;
			containerPortal = 460DCB782196930800CD46AF /* CNIOSHA1.xcodeproj */;
			proxyType = 2;
			remoteGlobalIDString = 460DCB67219692F400CD46AF;
			remoteInfo = CNIOSHA1Tests;
		};
/* End PBXContainerItemProxy section */

/* Begin PBXCopyFilesBuildPhase section */
		351BA4312196657500C7BD8C /* Embed Frameworks */ = {
			isa = PBXCopyFilesBuildPhase;
			buildActionMask = 2147483647;
			dstPath = "";
			dstSubfolderSpec = 10;
			files = (
				351BA42A2196657500C7BD8C /* CNIODarwin.framework in Embed Frameworks */,
				351BA42E2196657500C7BD8C /* CNIOAtomics.framework in Embed Frameworks */,
				351BA4262196657500C7BD8C /* CNIOHTTPParser.framework in Embed Frameworks */,
				351BA4222196657500C7BD8C /* CNIOZlib.framework in Embed Frameworks */,
				351BA4162196657500C7BD8C /* NIOHTTP1.framework in Embed Frameworks */,
				351BA41A2196657500C7BD8C /* NIOConcurrencyHelpers.framework in Embed Frameworks */,
				351BA41E2196657500C7BD8C /* NIO.framework in Embed Frameworks */,
			);
			name = "Embed Frameworks";
			runOnlyForDeploymentPostprocessing = 0;
		};
/* End PBXCopyFilesBuildPhase section */

/* Begin PBXFileReference section */
		351BA3BD2196646E00C7BD8C /* CNIOAtomics.xcodeproj */ = {isa = PBXFileReference; lastKnownFileType = "wrapper.pb-project"; name = CNIOAtomics.xcodeproj; path = ../Frameworks/CNIOAtomics/CNIOAtomics.xcodeproj; sourceTree = "<group>"; };
		351BA3C62196647400C7BD8C /* CNIODarwin.xcodeproj */ = {isa = PBXFileReference; lastKnownFileType = "wrapper.pb-project"; name = CNIODarwin.xcodeproj; path = ../Frameworks/CNIODarwin/CNIODarwin.xcodeproj; sourceTree = "<group>"; };
		351BA3CF2196647800C7BD8C /* CNIOHTTPParser.xcodeproj */ = {isa = PBXFileReference; lastKnownFileType = "wrapper.pb-project"; name = CNIOHTTPParser.xcodeproj; path = ../Frameworks/CNIOHTTPParser/CNIOHTTPParser.xcodeproj; sourceTree = "<group>"; };
		351BA3D82196647A00C7BD8C /* CNIOZlib.xcodeproj */ = {isa = PBXFileReference; lastKnownFileType = "wrapper.pb-project"; name = CNIOZlib.xcodeproj; path = ../Frameworks/CNIOZlib/CNIOZlib.xcodeproj; sourceTree = "<group>"; };
		351BA3E12196647D00C7BD8C /* NIO.xcodeproj */ = {isa = PBXFileReference; lastKnownFileType = "wrapper.pb-project"; name = NIO.xcodeproj; path = ../Frameworks/NIO/NIO.xcodeproj; sourceTree = "<group>"; };
		351BA3EA2196648100C7BD8C /* NIOConcurrencyHelpers.xcodeproj */ = {isa = PBXFileReference; lastKnownFileType = "wrapper.pb-project"; name = NIOConcurrencyHelpers.xcodeproj; path = ../Frameworks/NIOConcurrencyHelpers/NIOConcurrencyHelpers.xcodeproj; sourceTree = "<group>"; };
		351BA3F32196648300C7BD8C /* NIOHTTP1.xcodeproj */ = {isa = PBXFileReference; lastKnownFileType = "wrapper.pb-project"; name = NIOHTTP1.xcodeproj; path = ../Frameworks/NIOHTTP1/NIOHTTP1.xcodeproj; sourceTree = "<group>"; };
		351BA3FC219664A200C7BD8C /* ObjCBridgeHeader.h */ = {isa = PBXFileReference; lastKnownFileType = sourcecode.c.h; path = ObjCBridgeHeader.h; sourceTree = "<group>"; };
		3550A0EA219663BE000370C5 /* swift-nio-demo-project.app */ = {isa = PBXFileReference; explicitFileType = wrapper.application; includeInIndex = 0; path = "swift-nio-demo-project.app"; sourceTree = BUILT_PRODUCTS_DIR; };
		3550A0ED219663BE000370C5 /* AppDelegate.swift */ = {isa = PBXFileReference; lastKnownFileType = sourcecode.swift; path = AppDelegate.swift; sourceTree = "<group>"; };
		3550A0EF219663BE000370C5 /* ViewController.swift */ = {isa = PBXFileReference; lastKnownFileType = sourcecode.swift; path = ViewController.swift; sourceTree = "<group>"; };
		3550A0F2219663BE000370C5 /* Base */ = {isa = PBXFileReference; lastKnownFileType = file.storyboard; name = Base; path = Base.lproj/Main.storyboard; sourceTree = "<group>"; };
		3550A0F4219663C0000370C5 /* Assets.xcassets */ = {isa = PBXFileReference; lastKnownFileType = folder.assetcatalog; path = Assets.xcassets; sourceTree = "<group>"; };
		3550A0F7219663C0000370C5 /* Base */ = {isa = PBXFileReference; lastKnownFileType = file.storyboard; name = Base; path = Base.lproj/LaunchScreen.storyboard; sourceTree = "<group>"; };
		3550A0F9219663C0000370C5 /* Info.plist */ = {isa = PBXFileReference; lastKnownFileType = text.plist.xml; path = Info.plist; sourceTree = "<group>"; };
		3550A0FE219663C0000370C5 /* swift-nio-demo-projectTests.xctest */ = {isa = PBXFileReference; explicitFileType = wrapper.cfbundle; includeInIndex = 0; path = "swift-nio-demo-projectTests.xctest"; sourceTree = BUILT_PRODUCTS_DIR; };
		3550A102219663C0000370C5 /* swift_nio_demo_projectTests.swift */ = {isa = PBXFileReference; lastKnownFileType = sourcecode.swift; path = swift_nio_demo_projectTests.swift; sourceTree = "<group>"; };
		3550A104219663C0000370C5 /* Info.plist */ = {isa = PBXFileReference; lastKnownFileType = text.plist.xml; path = Info.plist; sourceTree = "<group>"; };
		460DCB062196918B00CD46AF /* NIOFoundationCompat.xcodeproj */ = {isa = PBXFileReference; lastKnownFileType = "wrapper.pb-project"; name = NIOFoundationCompat.xcodeproj; path = ../Frameworks/NIOFoundationCompat/NIOFoundationCompat.xcodeproj; sourceTree = "<group>"; };
		460DCB162196919100CD46AF /* NIOPriorityQueue.xcodeproj */ = {isa = PBXFileReference; lastKnownFileType = "wrapper.pb-project"; name = NIOPriorityQueue.xcodeproj; path = ../Frameworks/NIOPriorityQueue/NIOPriorityQueue.xcodeproj; sourceTree = "<group>"; };
		460DCB1F2196919600CD46AF /* NIOTLS.xcodeproj */ = {isa = PBXFileReference; lastKnownFileType = "wrapper.pb-project"; name = NIOTLS.xcodeproj; path = ../Frameworks/NIOTLS/NIOTLS.xcodeproj; sourceTree = "<group>"; };
		460DCB282196919900CD46AF /* NIOWebSocket.xcodeproj */ = {isa = PBXFileReference; lastKnownFileType = "wrapper.pb-project"; name = NIOWebSocket.xcodeproj; path = ../Frameworks/NIOWebSocket/NIOWebSocket.xcodeproj; sourceTree = "<group>"; };
		460DCB782196930800CD46AF /* CNIOSHA1.xcodeproj */ = {isa = PBXFileReference; lastKnownFileType = "wrapper.pb-project"; name = CNIOSHA1.xcodeproj; path = ../Frameworks/CNIOSHA1/CNIOSHA1.xcodeproj; sourceTree = "<group>"; };
/* End PBXFileReference section */

/* Begin PBXFrameworksBuildPhase section */
		3550A0E7219663BE000370C5 /* Frameworks */ = {
			isa = PBXFrameworksBuildPhase;
			buildActionMask = 2147483647;
			files = (
				351BA4292196657500C7BD8C /* CNIODarwin.framework in Frameworks */,
				351BA42D2196657500C7BD8C /* CNIOAtomics.framework in Frameworks */,
				351BA4252196657500C7BD8C /* CNIOHTTPParser.framework in Frameworks */,
				351BA4212196657500C7BD8C /* CNIOZlib.framework in Frameworks */,
				351BA4152196657500C7BD8C /* NIOHTTP1.framework in Frameworks */,
				351BA4192196657500C7BD8C /* NIOConcurrencyHelpers.framework in Frameworks */,
				351BA41D2196657500C7BD8C /* NIO.framework in Frameworks */,
			);
			runOnlyForDeploymentPostprocessing = 0;
		};
		3550A0FB219663C0000370C5 /* Frameworks */ = {
			isa = PBXFrameworksBuildPhase;
			buildActionMask = 2147483647;
			files = (
			);
			runOnlyForDeploymentPostprocessing = 0;
		};
/* End PBXFrameworksBuildPhase section */

/* Begin PBXGroup section */
		351BA3BE2196646E00C7BD8C /* Products */ = {
			isa = PBXGroup;
			children = (
				351BA3C32196646E00C7BD8C /* CNIOAtomics.framework */,
				351BA3C52196646E00C7BD8C /* CNIOAtomicsTests.xctest */,
			);
			name = Products;
			sourceTree = "<group>";
		};
		351BA3C72196647400C7BD8C /* Products */ = {
			isa = PBXGroup;
			children = (
				351BA3CC2196647500C7BD8C /* CNIODarwin.framework */,
				351BA3CE2196647500C7BD8C /* CNIODarwinTests.xctest */,
			);
			name = Products;
			sourceTree = "<group>";
		};
		351BA3D02196647800C7BD8C /* Products */ = {
			isa = PBXGroup;
			children = (
				351BA3D52196647800C7BD8C /* CNIOHTTPParser.framework */,
				351BA3D72196647800C7BD8C /* CNIOHTTPParserTests.xctest */,
			);
			name = Products;
			sourceTree = "<group>";
		};
		351BA3D92196647A00C7BD8C /* Products */ = {
			isa = PBXGroup;
			children = (
				351BA3DE2196647A00C7BD8C /* CNIOZlib.framework */,
				351BA3E02196647A00C7BD8C /* CNIOZlibTests.xctest */,
			);
			name = Products;
			sourceTree = "<group>";
		};
		351BA3E22196647D00C7BD8C /* Products */ = {
			isa = PBXGroup;
			children = (
				351BA3E72196647E00C7BD8C /* NIO.framework */,
				351BA3E92196647E00C7BD8C /* NIOTests.xctest */,
			);
			name = Products;
			sourceTree = "<group>";
		};
		351BA3EB2196648100C7BD8C /* Products */ = {
			isa = PBXGroup;
			children = (
				351BA3F02196648100C7BD8C /* NIOConcurrencyHelpers.framework */,
				351BA3F22196648100C7BD8C /* NIOConcurrencyHelpersTests.xctest */,
			);
			name = Products;
			sourceTree = "<group>";
		};
		351BA3F42196648300C7BD8C /* Products */ = {
			isa = PBXGroup;
			children = (
				351BA3F92196648300C7BD8C /* NIOHTTP1.framework */,
				351BA3FB2196648300C7BD8C /* NIOHTTP1Tests.xctest */,
			);
			name = Products;
			sourceTree = "<group>";
		};
		351BA40C2196653E00C7BD8C /* Frameworks */ = {
			isa = PBXGroup;
			children = (
			);
			name = Frameworks;
			sourceTree = "<group>";
		};
		3550A0E1219663BE000370C5 = {
			isa = PBXGroup;
			children = (
				3550A10D219663C9000370C5 /* Linked Frameworks */,
				3550A0EC219663BE000370C5 /* swift-nio-demo-project */,
				3550A101219663C0000370C5 /* swift-nio-demo-projectTests */,
				3550A0EB219663BE000370C5 /* Products */,
				351BA40C2196653E00C7BD8C /* Frameworks */,
			);
			sourceTree = "<group>";
		};
		3550A0EB219663BE000370C5 /* Products */ = {
			isa = PBXGroup;
			children = (
				3550A0EA219663BE000370C5 /* swift-nio-demo-project.app */,
				3550A0FE219663C0000370C5 /* swift-nio-demo-projectTests.xctest */,
			);
			name = Products;
			sourceTree = "<group>";
		};
		3550A0EC219663BE000370C5 /* swift-nio-demo-project */ = {
			isa = PBXGroup;
			children = (
				3550A0ED219663BE000370C5 /* AppDelegate.swift */,
				3550A0EF219663BE000370C5 /* ViewController.swift */,
				3550A0F1219663BE000370C5 /* Main.storyboard */,
				3550A0F4219663C0000370C5 /* Assets.xcassets */,
				3550A0F6219663C0000370C5 /* LaunchScreen.storyboard */,
				3550A0F9219663C0000370C5 /* Info.plist */,
				351BA3FC219664A200C7BD8C /* ObjCBridgeHeader.h */,
			);
			path = "swift-nio-demo-project";
			sourceTree = "<group>";
		};
		3550A101219663C0000370C5 /* swift-nio-demo-projectTests */ = {
			isa = PBXGroup;
			children = (
				3550A102219663C0000370C5 /* swift_nio_demo_projectTests.swift */,
				3550A104219663C0000370C5 /* Info.plist */,
			);
			path = "swift-nio-demo-projectTests";
			sourceTree = "<group>";
		};
		3550A10D219663C9000370C5 /* Linked Frameworks */ = {
			isa = PBXGroup;
			children = (
				460DCB782196930800CD46AF /* CNIOSHA1.xcodeproj */,
				460DCB282196919900CD46AF /* NIOWebSocket.xcodeproj */,
				460DCB1F2196919600CD46AF /* NIOTLS.xcodeproj */,
				460DCB162196919100CD46AF /* NIOPriorityQueue.xcodeproj */,
				460DCB062196918B00CD46AF /* NIOFoundationCompat.xcodeproj */,
				351BA3F32196648300C7BD8C /* NIOHTTP1.xcodeproj */,
				351BA3EA2196648100C7BD8C /* NIOConcurrencyHelpers.xcodeproj */,
				351BA3E12196647D00C7BD8C /* NIO.xcodeproj */,
				351BA3D82196647A00C7BD8C /* CNIOZlib.xcodeproj */,
				351BA3CF2196647800C7BD8C /* CNIOHTTPParser.xcodeproj */,
				351BA3C62196647400C7BD8C /* CNIODarwin.xcodeproj */,
				351BA3BD2196646E00C7BD8C /* CNIOAtomics.xcodeproj */,
			);
			name = "Linked Frameworks";
			sourceTree = "<group>";
		};
		460DCB072196918B00CD46AF /* Products */ = {
			isa = PBXGroup;
			children = (
				460DCB122196918B00CD46AF /* NIOFoundationCompat.framework */,
				460DCB142196918B00CD46AF /* NIOFoundationCompatTests.xctest */,
			);
			name = Products;
			sourceTree = "<group>";
		};
		460DCB172196919100CD46AF /* Products */ = {
			isa = PBXGroup;
			children = (
				460DCB1C2196919100CD46AF /* NIOPriorityQueue.framework */,
				460DCB1E2196919100CD46AF /* NIOPriorityQueueTests.xctest */,
			);
			name = Products;
			sourceTree = "<group>";
		};
		460DCB202196919600CD46AF /* Products */ = {
			isa = PBXGroup;
			children = (
				460DCB252196919600CD46AF /* NIOTLS.framework */,
				460DCB272196919600CD46AF /* NIOTLSTests.xctest */,
			);
			name = Products;
			sourceTree = "<group>";
		};
		460DCB292196919900CD46AF /* Products */ = {
			isa = PBXGroup;
			children = (
				460DCB2E2196919A00CD46AF /* NIOWebSocket.framework */,
				460DCB302196919A00CD46AF /* NIOWebSocketTests.xctest */,
			);
			name = Products;
			sourceTree = "<group>";
		};
		460DCB792196930800CD46AF /* Products */ = {
			isa = PBXGroup;
			children = (
				460DCB7E2196930900CD46AF /* CNIOSHA1.framework */,
				460DCB802196930900CD46AF /* CNIOSHA1Tests.xctest */,
			);
			name = Products;
			sourceTree = "<group>";
		};
/* End PBXGroup section */

/* Begin PBXNativeTarget section */
		3550A0E9219663BE000370C5 /* swift-nio-demo-project */ = {
			isa = PBXNativeTarget;
			buildConfigurationList = 3550A107219663C0000370C5 /* Build configuration list for PBXNativeTarget "swift-nio-demo-project" */;
			buildPhases = (
				3550A0E6219663BE000370C5 /* Sources */,
				3550A0E7219663BE000370C5 /* Frameworks */,
				3550A0E8219663BE000370C5 /* Resources */,
				351BA4312196657500C7BD8C /* Embed Frameworks */,
			);
			buildRules = (
			);
			dependencies = (
				351BA4242196657500C7BD8C /* PBXTargetDependency */,
				351BA42C2196657500C7BD8C /* PBXTargetDependency */,
				351BA4302196657500C7BD8C /* PBXTargetDependency */,
				351BA41C2196657500C7BD8C /* PBXTargetDependency */,
				351BA4282196657500C7BD8C /* PBXTargetDependency */,
				351BA4202196657500C7BD8C /* PBXTargetDependency */,
				351BA4182196657500C7BD8C /* PBXTargetDependency */,
			);
			name = "swift-nio-demo-project";
			productName = "swift-nio-demo-project";
			productReference = 3550A0EA219663BE000370C5 /* swift-nio-demo-project.app */;
			productType = "com.apple.product-type.application";
		};
		3550A0FD219663C0000370C5 /* swift-nio-demo-projectTests */ = {
			isa = PBXNativeTarget;
			buildConfigurationList = 3550A10A219663C0000370C5 /* Build configuration list for PBXNativeTarget "swift-nio-demo-projectTests" */;
			buildPhases = (
				3550A0FA219663C0000370C5 /* Sources */,
				3550A0FB219663C0000370C5 /* Frameworks */,
				3550A0FC219663C0000370C5 /* Resources */,
			);
			buildRules = (
			);
			dependencies = (
				3550A100219663C0000370C5 /* PBXTargetDependency */,
			);
			name = "swift-nio-demo-projectTests";
			productName = "swift-nio-demo-projectTests";
			productReference = 3550A0FE219663C0000370C5 /* swift-nio-demo-projectTests.xctest */;
			productType = "com.apple.product-type.bundle.unit-test";
		};
/* End PBXNativeTarget section */

/* Begin PBXProject section */
		3550A0E2219663BE000370C5 /* Project object */ = {
			isa = PBXProject;
			attributes = {
				LastSwiftUpdateCheck = 1010;
				LastUpgradeCheck = 1010;
				ORGANIZATIONNAME = "haikieu2907@icloud.com";
				TargetAttributes = {
					3550A0E9219663BE000370C5 = {
						CreatedOnToolsVersion = 10.1;
					};
					3550A0FD219663C0000370C5 = {
						CreatedOnToolsVersion = 10.1;
						TestTargetID = 3550A0E9219663BE000370C5;
					};
				};
			};
			buildConfigurationList = 3550A0E5219663BE000370C5 /* Build configuration list for PBXProject "swift-nio-demo-project" */;
			compatibilityVersion = "Xcode 9.3";
			developmentRegion = en;
			hasScannedForEncodings = 0;
			knownRegions = (
				en,
				Base,
			);
			mainGroup = 3550A0E1219663BE000370C5;
			productRefGroup = 3550A0EB219663BE000370C5 /* Products */;
			projectDirPath = "";
			projectReferences = (
				{
					ProductGroup = 351BA3BE2196646E00C7BD8C /* Products */;
					ProjectRef = 351BA3BD2196646E00C7BD8C /* CNIOAtomics.xcodeproj */;
				},
				{
					ProductGroup = 351BA3C72196647400C7BD8C /* Products */;
					ProjectRef = 351BA3C62196647400C7BD8C /* CNIODarwin.xcodeproj */;
				},
				{
					ProductGroup = 351BA3D02196647800C7BD8C /* Products */;
					ProjectRef = 351BA3CF2196647800C7BD8C /* CNIOHTTPParser.xcodeproj */;
				},
				{
					ProductGroup = 460DCB792196930800CD46AF /* Products */;
					ProjectRef = 460DCB782196930800CD46AF /* CNIOSHA1.xcodeproj */;
				},
				{
					ProductGroup = 351BA3D92196647A00C7BD8C /* Products */;
					ProjectRef = 351BA3D82196647A00C7BD8C /* CNIOZlib.xcodeproj */;
				},
				{
					ProductGroup = 351BA3E22196647D00C7BD8C /* Products */;
					ProjectRef = 351BA3E12196647D00C7BD8C /* NIO.xcodeproj */;
				},
				{
					ProductGroup = 351BA3EB2196648100C7BD8C /* Products */;
					ProjectRef = 351BA3EA2196648100C7BD8C /* NIOConcurrencyHelpers.xcodeproj */;
				},
				{
					ProductGroup = 460DCB072196918B00CD46AF /* Products */;
					ProjectRef = 460DCB062196918B00CD46AF /* NIOFoundationCompat.xcodeproj */;
				},
				{
					ProductGroup = 351BA3F42196648300C7BD8C /* Products */;
					ProjectRef = 351BA3F32196648300C7BD8C /* NIOHTTP1.xcodeproj */;
				},
				{
					ProductGroup = 460DCB172196919100CD46AF /* Products */;
					ProjectRef = 460DCB162196919100CD46AF /* NIOPriorityQueue.xcodeproj */;
				},
				{
					ProductGroup = 460DCB202196919600CD46AF /* Products */;
					ProjectRef = 460DCB1F2196919600CD46AF /* NIOTLS.xcodeproj */;
				},
				{
					ProductGroup = 460DCB292196919900CD46AF /* Products */;
					ProjectRef = 460DCB282196919900CD46AF /* NIOWebSocket.xcodeproj */;
				},
			);
			projectRoot = "";
			targets = (
				3550A0E9219663BE000370C5 /* swift-nio-demo-project */,
				3550A0FD219663C0000370C5 /* swift-nio-demo-projectTests */,
			);
		};
/* End PBXProject section */

/* Begin PBXReferenceProxy section */
		351BA3C32196646E00C7BD8C /* CNIOAtomics.framework */ = {
			isa = PBXReferenceProxy;
			fileType = wrapper.framework;
			path = CNIOAtomics.framework;
			remoteRef = 351BA3C22196646E00C7BD8C /* PBXContainerItemProxy */;
			sourceTree = BUILT_PRODUCTS_DIR;
		};
		351BA3C52196646E00C7BD8C /* CNIOAtomicsTests.xctest */ = {
			isa = PBXReferenceProxy;
			fileType = wrapper.cfbundle;
			path = CNIOAtomicsTests.xctest;
			remoteRef = 351BA3C42196646E00C7BD8C /* PBXContainerItemProxy */;
			sourceTree = BUILT_PRODUCTS_DIR;
		};
		351BA3CC2196647500C7BD8C /* CNIODarwin.framework */ = {
			isa = PBXReferenceProxy;
			fileType = wrapper.framework;
			path = CNIODarwin.framework;
			remoteRef = 351BA3CB2196647500C7BD8C /* PBXContainerItemProxy */;
			sourceTree = BUILT_PRODUCTS_DIR;
		};
		351BA3CE2196647500C7BD8C /* CNIODarwinTests.xctest */ = {
			isa = PBXReferenceProxy;
			fileType = wrapper.cfbundle;
			path = CNIODarwinTests.xctest;
			remoteRef = 351BA3CD2196647500C7BD8C /* PBXContainerItemProxy */;
			sourceTree = BUILT_PRODUCTS_DIR;
		};
		351BA3D52196647800C7BD8C /* CNIOHTTPParser.framework */ = {
			isa = PBXReferenceProxy;
			fileType = wrapper.framework;
			path = CNIOHTTPParser.framework;
			remoteRef = 351BA3D42196647800C7BD8C /* PBXContainerItemProxy */;
			sourceTree = BUILT_PRODUCTS_DIR;
		};
		351BA3D72196647800C7BD8C /* CNIOHTTPParserTests.xctest */ = {
			isa = PBXReferenceProxy;
			fileType = wrapper.cfbundle;
			path = CNIOHTTPParserTests.xctest;
			remoteRef = 351BA3D62196647800C7BD8C /* PBXContainerItemProxy */;
			sourceTree = BUILT_PRODUCTS_DIR;
		};
		351BA3DE2196647A00C7BD8C /* CNIOZlib.framework */ = {
			isa = PBXReferenceProxy;
			fileType = wrapper.framework;
			path = CNIOZlib.framework;
			remoteRef = 351BA3DD2196647A00C7BD8C /* PBXContainerItemProxy */;
			sourceTree = BUILT_PRODUCTS_DIR;
		};
		351BA3E02196647A00C7BD8C /* CNIOZlibTests.xctest */ = {
			isa = PBXReferenceProxy;
			fileType = wrapper.cfbundle;
			path = CNIOZlibTests.xctest;
			remoteRef = 351BA3DF2196647A00C7BD8C /* PBXContainerItemProxy */;
			sourceTree = BUILT_PRODUCTS_DIR;
		};
		351BA3E72196647E00C7BD8C /* NIO.framework */ = {
			isa = PBXReferenceProxy;
			fileType = wrapper.framework;
			path = NIO.framework;
			remoteRef = 351BA3E62196647E00C7BD8C /* PBXContainerItemProxy */;
			sourceTree = BUILT_PRODUCTS_DIR;
		};
		351BA3E92196647E00C7BD8C /* NIOTests.xctest */ = {
			isa = PBXReferenceProxy;
			fileType = wrapper.cfbundle;
			path = NIOTests.xctest;
			remoteRef = 351BA3E82196647E00C7BD8C /* PBXContainerItemProxy */;
			sourceTree = BUILT_PRODUCTS_DIR;
		};
		351BA3F02196648100C7BD8C /* NIOConcurrencyHelpers.framework */ = {
			isa = PBXReferenceProxy;
			fileType = wrapper.framework;
			path = NIOConcurrencyHelpers.framework;
			remoteRef = 351BA3EF2196648100C7BD8C /* PBXContainerItemProxy */;
			sourceTree = BUILT_PRODUCTS_DIR;
		};
		351BA3F22196648100C7BD8C /* NIOConcurrencyHelpersTests.xctest */ = {
			isa = PBXReferenceProxy;
			fileType = wrapper.cfbundle;
			path = NIOConcurrencyHelpersTests.xctest;
			remoteRef = 351BA3F12196648100C7BD8C /* PBXContainerItemProxy */;
			sourceTree = BUILT_PRODUCTS_DIR;
		};
		351BA3F92196648300C7BD8C /* NIOHTTP1.framework */ = {
			isa = PBXReferenceProxy;
			fileType = wrapper.framework;
			path = NIOHTTP1.framework;
			remoteRef = 351BA3F82196648300C7BD8C /* PBXContainerItemProxy */;
			sourceTree = BUILT_PRODUCTS_DIR;
		};
		351BA3FB2196648300C7BD8C /* NIOHTTP1Tests.xctest */ = {
			isa = PBXReferenceProxy;
			fileType = wrapper.cfbundle;
			path = NIOHTTP1Tests.xctest;
			remoteRef = 351BA3FA2196648300C7BD8C /* PBXContainerItemProxy */;
			sourceTree = BUILT_PRODUCTS_DIR;
		};
		460DCB122196918B00CD46AF /* NIOFoundationCompat.framework */ = {
			isa = PBXReferenceProxy;
			fileType = wrapper.framework;
			path = NIOFoundationCompat.framework;
			remoteRef = 460DCB112196918B00CD46AF /* PBXContainerItemProxy */;
			sourceTree = BUILT_PRODUCTS_DIR;
		};
		460DCB142196918B00CD46AF /* NIOFoundationCompatTests.xctest */ = {
			isa = PBXReferenceProxy;
			fileType = wrapper.cfbundle;
			path = NIOFoundationCompatTests.xctest;
			remoteRef = 460DCB132196918B00CD46AF /* PBXContainerItemProxy */;
			sourceTree = BUILT_PRODUCTS_DIR;
		};
		460DCB1C2196919100CD46AF /* NIOPriorityQueue.framework */ = {
			isa = PBXReferenceProxy;
			fileType = wrapper.framework;
			path = NIOPriorityQueue.framework;
			remoteRef = 460DCB1B2196919100CD46AF /* PBXContainerItemProxy */;
			sourceTree = BUILT_PRODUCTS_DIR;
		};
		460DCB1E2196919100CD46AF /* NIOPriorityQueueTests.xctest */ = {
			isa = PBXReferenceProxy;
			fileType = wrapper.cfbundle;
			path = NIOPriorityQueueTests.xctest;
			remoteRef = 460DCB1D2196919100CD46AF /* PBXContainerItemProxy */;
			sourceTree = BUILT_PRODUCTS_DIR;
		};
		460DCB252196919600CD46AF /* NIOTLS.framework */ = {
			isa = PBXReferenceProxy;
			fileType = wrapper.framework;
			path = NIOTLS.framework;
			remoteRef = 460DCB242196919600CD46AF /* PBXContainerItemProxy */;
			sourceTree = BUILT_PRODUCTS_DIR;
		};
		460DCB272196919600CD46AF /* NIOTLSTests.xctest */ = {
			isa = PBXReferenceProxy;
			fileType = wrapper.cfbundle;
			path = NIOTLSTests.xctest;
			remoteRef = 460DCB262196919600CD46AF /* PBXContainerItemProxy */;
			sourceTree = BUILT_PRODUCTS_DIR;
		};
		460DCB2E2196919A00CD46AF /* NIOWebSocket.framework */ = {
			isa = PBXReferenceProxy;
			fileType = wrapper.framework;
			path = NIOWebSocket.framework;
			remoteRef = 460DCB2D2196919A00CD46AF /* PBXContainerItemProxy */;
			sourceTree = BUILT_PRODUCTS_DIR;
		};
		460DCB302196919A00CD46AF /* NIOWebSocketTests.xctest */ = {
			isa = PBXReferenceProxy;
			fileType = wrapper.cfbundle;
			path = NIOWebSocketTests.xctest;
			remoteRef = 460DCB2F2196919A00CD46AF /* PBXContainerItemProxy */;
			sourceTree = BUILT_PRODUCTS_DIR;
		};
		460DCB7E2196930900CD46AF /* CNIOSHA1.framework */ = {
			isa = PBXReferenceProxy;
			fileType = wrapper.framework;
			path = CNIOSHA1.framework;
			remoteRef = 460DCB7D2196930900CD46AF /* PBXContainerItemProxy */;
			sourceTree = BUILT_PRODUCTS_DIR;
		};
		460DCB802196930900CD46AF /* CNIOSHA1Tests.xctest */ = {
			isa = PBXReferenceProxy;
			fileType = wrapper.cfbundle;
			path = CNIOSHA1Tests.xctest;
			remoteRef = 460DCB7F2196930900CD46AF /* PBXContainerItemProxy */;
			sourceTree = BUILT_PRODUCTS_DIR;
		};
/* End PBXReferenceProxy section */

/* Begin PBXResourcesBuildPhase section */
		3550A0E8219663BE000370C5 /* Resources */ = {
			isa = PBXResourcesBuildPhase;
			buildActionMask = 2147483647;
			files = (
				3550A0F8219663C0000370C5 /* LaunchScreen.storyboard in Resources */,
				3550A0F5219663C0000370C5 /* Assets.xcassets in Resources */,
				3550A0F3219663BE000370C5 /* Main.storyboard in Resources */,
			);
			runOnlyForDeploymentPostprocessing = 0;
		};
		3550A0FC219663C0000370C5 /* Resources */ = {
			isa = PBXResourcesBuildPhase;
			buildActionMask = 2147483647;
			files = (
			);
			runOnlyForDeploymentPostprocessing = 0;
		};
/* End PBXResourcesBuildPhase section */

/* Begin PBXSourcesBuildPhase section */
		3550A0E6219663BE000370C5 /* Sources */ = {
			isa = PBXSourcesBuildPhase;
			buildActionMask = 2147483647;
			files = (
				3550A0F0219663BE000370C5 /* ViewController.swift in Sources */,
				3550A0EE219663BE000370C5 /* AppDelegate.swift in Sources */,
			);
			runOnlyForDeploymentPostprocessing = 0;
		};
		3550A0FA219663C0000370C5 /* Sources */ = {
			isa = PBXSourcesBuildPhase;
			buildActionMask = 2147483647;
			files = (
				3550A103219663C0000370C5 /* swift_nio_demo_projectTests.swift in Sources */,
			);
			runOnlyForDeploymentPostprocessing = 0;
		};
/* End PBXSourcesBuildPhase section */

/* Begin PBXTargetDependency section */
		351BA4182196657500C7BD8C /* PBXTargetDependency */ = {
			isa = PBXTargetDependency;
			name = NIOHTTP1;
			targetProxy = 351BA4172196657500C7BD8C /* PBXContainerItemProxy */;
		};
		351BA41C2196657500C7BD8C /* PBXTargetDependency */ = {
			isa = PBXTargetDependency;
			name = NIOConcurrencyHelpers;
			targetProxy = 351BA41B2196657500C7BD8C /* PBXContainerItemProxy */;
		};
		351BA4202196657500C7BD8C /* PBXTargetDependency */ = {
			isa = PBXTargetDependency;
			name = NIO;
			targetProxy = 351BA41F2196657500C7BD8C /* PBXContainerItemProxy */;
		};
		351BA4242196657500C7BD8C /* PBXTargetDependency */ = {
			isa = PBXTargetDependency;
			name = CNIOZlib;
			targetProxy = 351BA4232196657500C7BD8C /* PBXContainerItemProxy */;
		};
		351BA4282196657500C7BD8C /* PBXTargetDependency */ = {
			isa = PBXTargetDependency;
			name = CNIOHTTPParser;
			targetProxy = 351BA4272196657500C7BD8C /* PBXContainerItemProxy */;
		};
		351BA42C2196657500C7BD8C /* PBXTargetDependency */ = {
			isa = PBXTargetDependency;
			name = CNIODarwin;
			targetProxy = 351BA42B2196657500C7BD8C /* PBXContainerItemProxy */;
		};
		351BA4302196657500C7BD8C /* PBXTargetDependency */ = {
			isa = PBXTargetDependency;
			name = CNIOAtomics;
			targetProxy = 351BA42F2196657500C7BD8C /* PBXContainerItemProxy */;
		};
		3550A100219663C0000370C5 /* PBXTargetDependency */ = {
			isa = PBXTargetDependency;
			target = 3550A0E9219663BE000370C5 /* swift-nio-demo-project */;
			targetProxy = 3550A0FF219663C0000370C5 /* PBXContainerItemProxy */;
		};
/* End PBXTargetDependency section */

/* Begin PBXVariantGroup section */
		3550A0F1219663BE000370C5 /* Main.storyboard */ = {
			isa = PBXVariantGroup;
			children = (
				3550A0F2219663BE000370C5 /* Base */,
			);
			name = Main.storyboard;
			sourceTree = "<group>";
		};
		3550A0F6219663C0000370C5 /* LaunchScreen.storyboard */ = {
			isa = PBXVariantGroup;
			children = (
				3550A0F7219663C0000370C5 /* Base */,
			);
			name = LaunchScreen.storyboard;
			sourceTree = "<group>";
		};
/* End PBXVariantGroup section */

/* Begin XCBuildConfiguration section */
		3550A105219663C0000370C5 /* Debug */ = {
			isa = XCBuildConfiguration;
			buildSettings = {
				ALWAYS_SEARCH_USER_PATHS = NO;
				CLANG_ANALYZER_NONNULL = YES;
				CLANG_ANALYZER_NUMBER_OBJECT_CONVERSION = YES_AGGRESSIVE;
				CLANG_CXX_LANGUAGE_STANDARD = "gnu++14";
				CLANG_CXX_LIBRARY = "libc++";
				CLANG_ENABLE_MODULES = YES;
				CLANG_ENABLE_OBJC_ARC = YES;
				CLANG_ENABLE_OBJC_WEAK = YES;
				CLANG_WARN_BLOCK_CAPTURE_AUTORELEASING = YES;
				CLANG_WARN_BOOL_CONVERSION = YES;
				CLANG_WARN_COMMA = YES;
				CLANG_WARN_CONSTANT_CONVERSION = YES;
				CLANG_WARN_DEPRECATED_OBJC_IMPLEMENTATIONS = YES;
				CLANG_WARN_DIRECT_OBJC_ISA_USAGE = YES_ERROR;
				CLANG_WARN_DOCUMENTATION_COMMENTS = YES;
				CLANG_WARN_EMPTY_BODY = YES;
				CLANG_WARN_ENUM_CONVERSION = YES;
				CLANG_WARN_INFINITE_RECURSION = YES;
				CLANG_WARN_INT_CONVERSION = YES;
				CLANG_WARN_NON_LITERAL_NULL_CONVERSION = YES;
				CLANG_WARN_OBJC_IMPLICIT_RETAIN_SELF = YES;
				CLANG_WARN_OBJC_LITERAL_CONVERSION = YES;
				CLANG_WARN_OBJC_ROOT_CLASS = YES_ERROR;
				CLANG_WARN_RANGE_LOOP_ANALYSIS = YES;
				CLANG_WARN_STRICT_PROTOTYPES = YES;
				CLANG_WARN_SUSPICIOUS_MOVE = YES;
				CLANG_WARN_UNGUARDED_AVAILABILITY = YES_AGGRESSIVE;
				CLANG_WARN_UNREACHABLE_CODE = YES;
				CLANG_WARN__DUPLICATE_METHOD_MATCH = YES;
				CODE_SIGN_IDENTITY = "iPhone Developer";
				COPY_PHASE_STRIP = NO;
				DEBUG_INFORMATION_FORMAT = dwarf;
				ENABLE_STRICT_OBJC_MSGSEND = YES;
				ENABLE_TESTABILITY = YES;
				GCC_C_LANGUAGE_STANDARD = gnu11;
				GCC_DYNAMIC_NO_PIC = NO;
				GCC_NO_COMMON_BLOCKS = YES;
				GCC_OPTIMIZATION_LEVEL = 0;
				GCC_PREPROCESSOR_DEFINITIONS = (
					"DEBUG=1",
					"$(inherited)",
				);
				GCC_WARN_64_TO_32_BIT_CONVERSION = YES;
				GCC_WARN_ABOUT_RETURN_TYPE = YES_ERROR;
				GCC_WARN_UNDECLARED_SELECTOR = YES;
				GCC_WARN_UNINITIALIZED_AUTOS = YES_AGGRESSIVE;
				GCC_WARN_UNUSED_FUNCTION = YES;
				GCC_WARN_UNUSED_VARIABLE = YES;
				IPHONEOS_DEPLOYMENT_TARGET = 12.1;
				MTL_ENABLE_DEBUG_INFO = INCLUDE_SOURCE;
				MTL_FAST_MATH = YES;
				ONLY_ACTIVE_ARCH = YES;
				SDKROOT = iphoneos;
				SWIFT_ACTIVE_COMPILATION_CONDITIONS = DEBUG;
				SWIFT_OPTIMIZATION_LEVEL = "-Onone";
			};
			name = Debug;
		};
		3550A106219663C0000370C5 /* Release */ = {
			isa = XCBuildConfiguration;
			buildSettings = {
				ALWAYS_SEARCH_USER_PATHS = NO;
				CLANG_ANALYZER_NONNULL = YES;
				CLANG_ANALYZER_NUMBER_OBJECT_CONVERSION = YES_AGGRESSIVE;
				CLANG_CXX_LANGUAGE_STANDARD = "gnu++14";
				CLANG_CXX_LIBRARY = "libc++";
				CLANG_ENABLE_MODULES = YES;
				CLANG_ENABLE_OBJC_ARC = YES;
				CLANG_ENABLE_OBJC_WEAK = YES;
				CLANG_WARN_BLOCK_CAPTURE_AUTORELEASING = YES;
				CLANG_WARN_BOOL_CONVERSION = YES;
				CLANG_WARN_COMMA = YES;
				CLANG_WARN_CONSTANT_CONVERSION = YES;
				CLANG_WARN_DEPRECATED_OBJC_IMPLEMENTATIONS = YES;
				CLANG_WARN_DIRECT_OBJC_ISA_USAGE = YES_ERROR;
				CLANG_WARN_DOCUMENTATION_COMMENTS = YES;
				CLANG_WARN_EMPTY_BODY = YES;
				CLANG_WARN_ENUM_CONVERSION = YES;
				CLANG_WARN_INFINITE_RECURSION = YES;
				CLANG_WARN_INT_CONVERSION = YES;
				CLANG_WARN_NON_LITERAL_NULL_CONVERSION = YES;
				CLANG_WARN_OBJC_IMPLICIT_RETAIN_SELF = YES;
				CLANG_WARN_OBJC_LITERAL_CONVERSION = YES;
				CLANG_WARN_OBJC_ROOT_CLASS = YES_ERROR;
				CLANG_WARN_RANGE_LOOP_ANALYSIS = YES;
				CLANG_WARN_STRICT_PROTOTYPES = YES;
				CLANG_WARN_SUSPICIOUS_MOVE = YES;
				CLANG_WARN_UNGUARDED_AVAILABILITY = YES_AGGRESSIVE;
				CLANG_WARN_UNREACHABLE_CODE = YES;
				CLANG_WARN__DUPLICATE_METHOD_MATCH = YES;
				CODE_SIGN_IDENTITY = "iPhone Developer";
				COPY_PHASE_STRIP = NO;
				DEBUG_INFORMATION_FORMAT = "dwarf-with-dsym";
				ENABLE_NS_ASSERTIONS = NO;
				ENABLE_STRICT_OBJC_MSGSEND = YES;
				GCC_C_LANGUAGE_STANDARD = gnu11;
				GCC_NO_COMMON_BLOCKS = YES;
				GCC_WARN_64_TO_32_BIT_CONVERSION = YES;
				GCC_WARN_ABOUT_RETURN_TYPE = YES_ERROR;
				GCC_WARN_UNDECLARED_SELECTOR = YES;
				GCC_WARN_UNINITIALIZED_AUTOS = YES_AGGRESSIVE;
				GCC_WARN_UNUSED_FUNCTION = YES;
				GCC_WARN_UNUSED_VARIABLE = YES;
				IPHONEOS_DEPLOYMENT_TARGET = 12.1;
				MTL_ENABLE_DEBUG_INFO = NO;
				MTL_FAST_MATH = YES;
				SDKROOT = iphoneos;
				SWIFT_COMPILATION_MODE = wholemodule;
				SWIFT_OPTIMIZATION_LEVEL = "-O";
				VALIDATE_PRODUCT = YES;
			};
			name = Release;
		};
		3550A108219663C0000370C5 /* Debug */ = {
			isa = XCBuildConfiguration;
			buildSettings = {
				ALWAYS_EMBED_SWIFT_STANDARD_LIBRARIES = YES;
				ASSETCATALOG_COMPILER_APPICON_NAME = AppIcon;
				CODE_SIGN_STYLE = Automatic;
				DEVELOPMENT_TEAM = P3SL8HVN4S;
				INFOPLIST_FILE = "swift-nio-demo-project/Info.plist";
				LD_RUNPATH_SEARCH_PATHS = (
					"$(inherited)",
					"@executable_path/Frameworks",
				);
				PRODUCT_BUNDLE_IDENTIFIER = "com.hk.demo.swift-nio-demo-project";
				PRODUCT_NAME = "$(TARGET_NAME)";
				SWIFT_OBJC_BRIDGING_HEADER = "$(SRCROOT)/swift-nio-demo-project/ObjCBridgeHeader.h";
				SWIFT_VERSION = 4.2;
				TARGETED_DEVICE_FAMILY = "1,2";
			};
			name = Debug;
		};
		3550A109219663C0000370C5 /* Release */ = {
			isa = XCBuildConfiguration;
			buildSettings = {
				ALWAYS_EMBED_SWIFT_STANDARD_LIBRARIES = YES;
				ASSETCATALOG_COMPILER_APPICON_NAME = AppIcon;
				CODE_SIGN_STYLE = Automatic;
				DEVELOPMENT_TEAM = P3SL8HVN4S;
				INFOPLIST_FILE = "swift-nio-demo-project/Info.plist";
				LD_RUNPATH_SEARCH_PATHS = (
					"$(inherited)",
					"@executable_path/Frameworks",
				);
				PRODUCT_BUNDLE_IDENTIFIER = "com.hk.demo.swift-nio-demo-project";
				PRODUCT_NAME = "$(TARGET_NAME)";
				SWIFT_OBJC_BRIDGING_HEADER = "$(SRCROOT)/swift-nio-demo-project/ObjCBridgeHeader.h";
				SWIFT_VERSION = 4.2;
				TARGETED_DEVICE_FAMILY = "1,2";
			};
			name = Release;
		};
		3550A10B219663C0000370C5 /* Debug */ = {
			isa = XCBuildConfiguration;
			buildSettings = {
				ALWAYS_EMBED_SWIFT_STANDARD_LIBRARIES = YES;
				BUNDLE_LOADER = "$(TEST_HOST)";
				CODE_SIGN_STYLE = Automatic;
				DEVELOPMENT_TEAM = P3SL8HVN4S;
				INFOPLIST_FILE = "swift-nio-demo-projectTests/Info.plist";
				LD_RUNPATH_SEARCH_PATHS = (
					"$(inherited)",
					"@executable_path/Frameworks",
					"@loader_path/Frameworks",
				);
				PRODUCT_BUNDLE_IDENTIFIER = "com.hk.demo.swift-nio-demo-projectTests";
				PRODUCT_NAME = "$(TARGET_NAME)";
				SWIFT_VERSION = 4.2;
				TARGETED_DEVICE_FAMILY = "1,2";
				TEST_HOST = "$(BUILT_PRODUCTS_DIR)/swift-nio-demo-project.app/swift-nio-demo-project";
			};
			name = Debug;
		};
		3550A10C219663C0000370C5 /* Release */ = {
			isa = XCBuildConfiguration;
			buildSettings = {
				ALWAYS_EMBED_SWIFT_STANDARD_LIBRARIES = YES;
				BUNDLE_LOADER = "$(TEST_HOST)";
				CODE_SIGN_STYLE = Automatic;
				DEVELOPMENT_TEAM = P3SL8HVN4S;
				INFOPLIST_FILE = "swift-nio-demo-projectTests/Info.plist";
				LD_RUNPATH_SEARCH_PATHS = (
					"$(inherited)",
					"@executable_path/Frameworks",
					"@loader_path/Frameworks",
				);
				PRODUCT_BUNDLE_IDENTIFIER = "com.hk.demo.swift-nio-demo-projectTests";
				PRODUCT_NAME = "$(TARGET_NAME)";
				SWIFT_VERSION = 4.2;
				TARGETED_DEVICE_FAMILY = "1,2";
				TEST_HOST = "$(BUILT_PRODUCTS_DIR)/swift-nio-demo-project.app/swift-nio-demo-project";
			};
			name = Release;
		};
/* End XCBuildConfiguration section */

/* Begin XCConfigurationList section */
		3550A0E5219663BE000370C5 /* Build configuration list for PBXProject "swift-nio-demo-project" */ = {
			isa = XCConfigurationList;
			buildConfigurations = (
				3550A105219663C0000370C5 /* Debug */,
				3550A106219663C0000370C5 /* Release */,
			);
			defaultConfigurationIsVisible = 0;
			defaultConfigurationName = Release;
		};
		3550A107219663C0000370C5 /* Build configuration list for PBXNativeTarget "swift-nio-demo-project" */ = {
			isa = XCConfigurationList;
			buildConfigurations = (
				3550A108219663C0000370C5 /* Debug */,
				3550A109219663C0000370C5 /* Release */,
			);
			defaultConfigurationIsVisible = 0;
			defaultConfigurationName = Release;
		};
		3550A10A219663C0000370C5 /* Build configuration list for PBXNativeTarget "swift-nio-demo-projectTests" */ = {
			isa = XCConfigurationList;
			buildConfigurations = (
				3550A10B219663C0000370C5 /* Debug */,
				3550A10C219663C0000370C5 /* Release */,
			);
			defaultConfigurationIsVisible = 0;
			defaultConfigurationName = Release;
		};
/* End XCConfigurationList section */
	};
	rootObject = 3550A0E2219663BE000370C5 /* Project object */;
}
