// !$*UTF8*$!
{
	archiveVersion = 1;
	classes = {
	};
	objectVersion = 50;
	objects = {

/* Begin PBXBuildFile section */
		35D1B66D21963FB700A3B9A6 /* CNIOZlib.framework in Frameworks */ = {isa = PBXBuildFile; fileRef = 35D1B66321963FB700A3B9A6 /* CNIOZlib.framework */; };
		35D1B67221963FB700A3B9A6 /* CNIOZlibTests.m in Sources */ = {isa = PBXBuildFile; fileRef = 35D1B67121963FB700A3B9A6 /* CNIOZlibTests.m */; };
		35D1B67421963FB700A3B9A6 /* CNIOZlib.h in Headers */ = {isa = PBXBuildFile; fileRef = 35D1B66621963FB700A3B9A6 /* CNIOZlib.h */; settings = {ATTRIBUTES = (Public, ); }; };
		35D1B6BA2196404100A3B9A6 /* empty.c in Sources */ = {isa = PBXBuildFile; fileRef = 35D1B6B92196404100A3B9A6 /* empty.c */; };
		4615D86D21969C430029477E /* CNIOZlib.framework in Frameworks */ = {isa = PBXBuildFile; fileRef = 4615D86421969C430029477E /* CNIOZlib.framework */; };
		4615D87B21969D490029477E /* empty.c in Sources */ = {isa = PBXBuildFile; fileRef = 35D1B6B92196404100A3B9A6 /* empty.c */; };
		4615D87C21969D4D0029477E /* CNIOZlibTests.m in Sources */ = {isa = PBXBuildFile; fileRef = 35D1B67121963FB700A3B9A6 /* CNIOZlibTests.m */; };
		4615D87D21969D590029477E /* CNIOZlib.h in Headers */ = {isa = PBXBuildFile; fileRef = 35D1B66621963FB700A3B9A6 /* CNIOZlib.h */; settings = {ATTRIBUTES = (Public, ); }; };
/* End PBXBuildFile section */

/* Begin PBXContainerItemProxy section */
		35D1B66E21963FB700A3B9A6 /* PBXContainerItemProxy */ = {
			isa = PBXContainerItemProxy;
			containerPortal = 35D1B65A21963FB700A3B9A6 /* Project object */;
			proxyType = 1;
			remoteGlobalIDString = 35D1B66221963FB700A3B9A6;
			remoteInfo = CNIOZlib;
		};
		4615D86E21969C430029477E /* PBXContainerItemProxy */ = {
			isa = PBXContainerItemProxy;
			containerPortal = 35D1B65A21963FB700A3B9A6 /* Project object */;
			proxyType = 1;
			remoteGlobalIDString = 4615D86321969C430029477E;
			remoteInfo = CNIOZlibTV;
		};
/* End PBXContainerItemProxy section */

/* Begin PBXFileReference section */
		35D1B66321963FB700A3B9A6 /* CNIOZlib.framework */ = {isa = PBXFileReference; explicitFileType = wrapper.framework; includeInIndex = 0; path = CNIOZlib.framework; sourceTree = BUILT_PRODUCTS_DIR; };
		35D1B66621963FB700A3B9A6 /* CNIOZlib.h */ = {isa = PBXFileReference; lastKnownFileType = sourcecode.c.h; path = CNIOZlib.h; sourceTree = "<group>"; };
		35D1B66721963FB700A3B9A6 /* Info.plist */ = {isa = PBXFileReference; lastKnownFileType = text.plist.xml; path = Info.plist; sourceTree = "<group>"; };
		35D1B66C21963FB700A3B9A6 /* CNIOZlibTests.xctest */ = {isa = PBXFileReference; explicitFileType = wrapper.cfbundle; includeInIndex = 0; path = CNIOZlibTests.xctest; sourceTree = BUILT_PRODUCTS_DIR; };
		35D1B67121963FB700A3B9A6 /* CNIOZlibTests.m */ = {isa = PBXFileReference; lastKnownFileType = sourcecode.c.objc; path = CNIOZlibTests.m; sourceTree = "<group>"; };
		35D1B67321963FB700A3B9A6 /* Info.plist */ = {isa = PBXFileReference; lastKnownFileType = text.plist.xml; path = Info.plist; sourceTree = "<group>"; };
		35D1B6B92196404100A3B9A6 /* empty.c */ = {isa = PBXFileReference; fileEncoding = 4; lastKnownFileType = sourcecode.c.c; path = empty.c; sourceTree = "<group>"; };
		4615D86421969C430029477E /* CNIOZlib.framework */ = {isa = PBXFileReference; explicitFileType = wrapper.framework; includeInIndex = 0; path = CNIOZlib.framework; sourceTree = BUILT_PRODUCTS_DIR; };
		4615D86C21969C430029477E /* CNIOZlibTVTests.xctest */ = {isa = PBXFileReference; explicitFileType = wrapper.cfbundle; includeInIndex = 0; path = CNIOZlibTVTests.xctest; sourceTree = BUILT_PRODUCTS_DIR; };
/* End PBXFileReference section */

/* Begin PBXFrameworksBuildPhase section */
		35D1B66021963FB700A3B9A6 /* Frameworks */ = {
			isa = PBXFrameworksBuildPhase;
			buildActionMask = 2147483647;
			files = (
			);
			runOnlyForDeploymentPostprocessing = 0;
		};
		35D1B66921963FB700A3B9A6 /* Frameworks */ = {
			isa = PBXFrameworksBuildPhase;
			buildActionMask = 2147483647;
			files = (
				35D1B66D21963FB700A3B9A6 /* CNIOZlib.framework in Frameworks */,
			);
			runOnlyForDeploymentPostprocessing = 0;
		};
		4615D86121969C430029477E /* Frameworks */ = {
			isa = PBXFrameworksBuildPhase;
			buildActionMask = 2147483647;
			files = (
			);
			runOnlyForDeploymentPostprocessing = 0;
		};
		4615D86921969C430029477E /* Frameworks */ = {
			isa = PBXFrameworksBuildPhase;
			buildActionMask = 2147483647;
			files = (
				4615D86D21969C430029477E /* CNIOZlib.framework in Frameworks */,
			);
			runOnlyForDeploymentPostprocessing = 0;
		};
/* End PBXFrameworksBuildPhase section */

/* Begin PBXGroup section */
		35D1B65921963FB700A3B9A6 = {
			isa = PBXGroup;
			children = (
				35D1B66521963FB700A3B9A6 /* CNIOZlib */,
				35D1B67021963FB700A3B9A6 /* CNIOZlibTests */,
				35D1B66421963FB700A3B9A6 /* Products */,
			);
			sourceTree = "<group>";
		};
		35D1B66421963FB700A3B9A6 /* Products */ = {
			isa = PBXGroup;
			children = (
				35D1B66321963FB700A3B9A6 /* CNIOZlib.framework */,
				35D1B66C21963FB700A3B9A6 /* CNIOZlibTests.xctest */,
				4615D86421969C430029477E /* CNIOZlib.framework */,
				4615D86C21969C430029477E /* CNIOZlibTVTests.xctest */,
			);
			name = Products;
			sourceTree = "<group>";
		};
		35D1B66521963FB700A3B9A6 /* CNIOZlib */ = {
			isa = PBXGroup;
			children = (
				35D1B66621963FB700A3B9A6 /* CNIOZlib.h */,
				35D1B6B92196404100A3B9A6 /* empty.c */,
				35D1B66721963FB700A3B9A6 /* Info.plist */,
			);
			path = CNIOZlib;
			sourceTree = "<group>";
		};
		35D1B67021963FB700A3B9A6 /* CNIOZlibTests */ = {
			isa = PBXGroup;
			children = (
				35D1B67121963FB700A3B9A6 /* CNIOZlibTests.m */,
				35D1B67321963FB700A3B9A6 /* Info.plist */,
			);
			path = CNIOZlibTests;
			sourceTree = "<group>";
		};
/* End PBXGroup section */

/* Begin PBXHeadersBuildPhase section */
		35D1B65E21963FB700A3B9A6 /* Headers */ = {
			isa = PBXHeadersBuildPhase;
			buildActionMask = 2147483647;
			files = (
				35D1B67421963FB700A3B9A6 /* CNIOZlib.h in Headers */,
			);
			runOnlyForDeploymentPostprocessing = 0;
		};
		4615D85F21969C430029477E /* Headers */ = {
			isa = PBXHeadersBuildPhase;
			buildActionMask = 2147483647;
			files = (
				4615D87D21969D590029477E /* CNIOZlib.h in Headers */,
			);
			runOnlyForDeploymentPostprocessing = 0;
		};
/* End PBXHeadersBuildPhase section */

/* Begin PBXNativeTarget section */
		35D1B66221963FB700A3B9A6 /* CNIOZlib */ = {
			isa = PBXNativeTarget;
			buildConfigurationList = 35D1B67721963FB700A3B9A6 /* Build configuration list for PBXNativeTarget "CNIOZlib" */;
			buildPhases = (
				35D1B65E21963FB700A3B9A6 /* Headers */,
				35D1B65F21963FB700A3B9A6 /* Sources */,
				35D1B66021963FB700A3B9A6 /* Frameworks */,
				35D1B66121963FB700A3B9A6 /* Resources */,
			);
			buildRules = (
			);
			dependencies = (
			);
			name = CNIOZlib;
			productName = CNIOZlib;
			productReference = 35D1B66321963FB700A3B9A6 /* CNIOZlib.framework */;
			productType = "com.apple.product-type.framework";
		};
		35D1B66B21963FB700A3B9A6 /* CNIOZlibTests */ = {
			isa = PBXNativeTarget;
			buildConfigurationList = 35D1B67A21963FB700A3B9A6 /* Build configuration list for PBXNativeTarget "CNIOZlibTests" */;
			buildPhases = (
				35D1B66821963FB700A3B9A6 /* Sources */,
				35D1B66921963FB700A3B9A6 /* Frameworks */,
				35D1B66A21963FB700A3B9A6 /* Resources */,
			);
			buildRules = (
			);
			dependencies = (
				35D1B66F21963FB700A3B9A6 /* PBXTargetDependency */,
			);
			name = CNIOZlibTests;
			productName = CNIOZlibTests;
			productReference = 35D1B66C21963FB700A3B9A6 /* CNIOZlibTests.xctest */;
			productType = "com.apple.product-type.bundle.unit-test";
		};
		4615D86321969C430029477E /* CNIOZlibTV */ = {
			isa = PBXNativeTarget;
			buildConfigurationList = 4615D87521969C430029477E /* Build configuration list for PBXNativeTarget "CNIOZlibTV" */;
			buildPhases = (
				4615D85F21969C430029477E /* Headers */,
				4615D86021969C430029477E /* Sources */,
				4615D86121969C430029477E /* Frameworks */,
				4615D86221969C430029477E /* Resources */,
			);
			buildRules = (
			);
			dependencies = (
			);
			name = CNIOZlibTV;
			productName = CNIOZlibTV;
			productReference = 4615D86421969C430029477E /* CNIOZlib.framework */;
			productType = "com.apple.product-type.framework";
		};
		4615D86B21969C430029477E /* CNIOZlibTVTests */ = {
			isa = PBXNativeTarget;
			buildConfigurationList = 4615D87821969C430029477E /* Build configuration list for PBXNativeTarget "CNIOZlibTVTests" */;
			buildPhases = (
				4615D86821969C430029477E /* Sources */,
				4615D86921969C430029477E /* Frameworks */,
				4615D86A21969C430029477E /* Resources */,
			);
			buildRules = (
			);
			dependencies = (
				4615D86F21969C430029477E /* PBXTargetDependency */,
			);
			name = CNIOZlibTVTests;
			productName = CNIOZlibTVTests;
			productReference = 4615D86C21969C430029477E /* CNIOZlibTVTests.xctest */;
			productType = "com.apple.product-type.bundle.unit-test";
		};
/* End PBXNativeTarget section */

/* Begin PBXProject section */
		35D1B65A21963FB700A3B9A6 /* Project object */ = {
			isa = PBXProject;
			attributes = {
				LastUpgradeCheck = 1010;
				ORGANIZATIONNAME = "haikieu2907@icloud.com";
				TargetAttributes = {
					35D1B66221963FB700A3B9A6 = {
						CreatedOnToolsVersion = 10.1;
					};
					35D1B66B21963FB700A3B9A6 = {
						CreatedOnToolsVersion = 10.1;
					};
					4615D86321969C430029477E = {
						CreatedOnToolsVersion = 10.0;
					};
					4615D86B21969C430029477E = {
						CreatedOnToolsVersion = 10.0;
					};
				};
			};
			buildConfigurationList = 35D1B65D21963FB700A3B9A6 /* Build configuration list for PBXProject "CNIOZlib" */;
			compatibilityVersion = "Xcode 9.3";
			developmentRegion = en;
			hasScannedForEncodings = 0;
			knownRegions = (
				en,
			);
			mainGroup = 35D1B65921963FB700A3B9A6;
			productRefGroup = 35D1B66421963FB700A3B9A6 /* Products */;
			projectDirPath = "";
			projectRoot = "";
			targets = (
				35D1B66221963FB700A3B9A6 /* CNIOZlib */,
				35D1B66B21963FB700A3B9A6 /* CNIOZlibTests */,
				4615D86321969C430029477E /* CNIOZlibTV */,
				4615D86B21969C430029477E /* CNIOZlibTVTests */,
			);
		};
/* End PBXProject section */

/* Begin PBXResourcesBuildPhase section */
		35D1B66121963FB700A3B9A6 /* Resources */ = {
			isa = PBXResourcesBuildPhase;
			buildActionMask = 2147483647;
			files = (
			);
			runOnlyForDeploymentPostprocessing = 0;
		};
		35D1B66A21963FB700A3B9A6 /* Resources */ = {
			isa = PBXResourcesBuildPhase;
			buildActionMask = 2147483647;
			files = (
			);
			runOnlyForDeploymentPostprocessing = 0;
		};
		4615D86221969C430029477E /* Resources */ = {
			isa = PBXResourcesBuildPhase;
			buildActionMask = 2147483647;
			files = (
			);
			runOnlyForDeploymentPostprocessing = 0;
		};
		4615D86A21969C430029477E /* Resources */ = {
			isa = PBXResourcesBuildPhase;
			buildActionMask = 2147483647;
			files = (
			);
			runOnlyForDeploymentPostprocessing = 0;
		};
/* End PBXResourcesBuildPhase section */

/* Begin PBXSourcesBuildPhase section */
		35D1B65F21963FB700A3B9A6 /* Sources */ = {
			isa = PBXSourcesBuildPhase;
			buildActionMask = 2147483647;
			files = (
				35D1B6BA2196404100A3B9A6 /* empty.c in Sources */,
			);
			runOnlyForDeploymentPostprocessing = 0;
		};
		35D1B66821963FB700A3B9A6 /* Sources */ = {
			isa = PBXSourcesBuildPhase;
			buildActionMask = 2147483647;
			files = (
				35D1B67221963FB700A3B9A6 /* CNIOZlibTests.m in Sources */,
			);
			runOnlyForDeploymentPostprocessing = 0;
		};
		4615D86021969C430029477E /* Sources */ = {
			isa = PBXSourcesBuildPhase;
			buildActionMask = 2147483647;
			files = (
				4615D87B21969D490029477E /* empty.c in Sources */,
			);
			runOnlyForDeploymentPostprocessing = 0;
		};
		4615D86821969C430029477E /* Sources */ = {
			isa = PBXSourcesBuildPhase;
			buildActionMask = 2147483647;
			files = (
				4615D87C21969D4D0029477E /* CNIOZlibTests.m in Sources */,
			);
			runOnlyForDeploymentPostprocessing = 0;
		};
/* End PBXSourcesBuildPhase section */

/* Begin PBXTargetDependency section */
		35D1B66F21963FB700A3B9A6 /* PBXTargetDependency */ = {
			isa = PBXTargetDependency;
			target = 35D1B66221963FB700A3B9A6 /* CNIOZlib */;
			targetProxy = 35D1B66E21963FB700A3B9A6 /* PBXContainerItemProxy */;
		};
		4615D86F21969C430029477E /* PBXTargetDependency */ = {
			isa = PBXTargetDependency;
			target = 4615D86321969C430029477E /* CNIOZlibTV */;
			targetProxy = 4615D86E21969C430029477E /* PBXContainerItemProxy */;
		};
/* End PBXTargetDependency section */

/* Begin XCBuildConfiguration section */
		35D1B67521963FB700A3B9A6 /* Debug */ = {
			isa = XCBuildConfiguration;
			buildSettings = {
				ALWAYS_SEARCH_USER_PATHS = NO;
				CLANG_ANALYZER_NONNULL = YES;
				CLANG_ANALYZER_NUMBER_OBJECT_CONVERSION = YES_AGGRESSIVE;
				CLANG_CXX_LANGUAGE_STANDARD = "gnu++14";
				CLANG_CXX_LIBRARY = "libc++";
				CLANG_ENABLE_MODULES = YES;
				CLANG_ENABLE_OBJC_ARC = YES;
				CLANG_ENABLE_OBJC_WEAK = YES;
				CLANG_WARN_BLOCK_CAPTURE_AUTORELEASING = YES;
				CLANG_WARN_BOOL_CONVERSION = YES;
				CLANG_WARN_COMMA = YES;
				CLANG_WARN_CONSTANT_CONVERSION = YES;
				CLANG_WARN_DEPRECATED_OBJC_IMPLEMENTATIONS = YES;
				CLANG_WARN_DIRECT_OBJC_ISA_USAGE = YES_ERROR;
				CLANG_WARN_DOCUMENTATION_COMMENTS = YES;
				CLANG_WARN_EMPTY_BODY = YES;
				CLANG_WARN_ENUM_CONVERSION = YES;
				CLANG_WARN_INFINITE_RECURSION = YES;
				CLANG_WARN_INT_CONVERSION = YES;
				CLANG_WARN_NON_LITERAL_NULL_CONVERSION = YES;
				CLANG_WARN_OBJC_IMPLICIT_RETAIN_SELF = YES;
				CLANG_WARN_OBJC_LITERAL_CONVERSION = YES;
				CLANG_WARN_OBJC_ROOT_CLASS = YES_ERROR;
				CLANG_WARN_RANGE_LOOP_ANALYSIS = YES;
				CLANG_WARN_STRICT_PROTOTYPES = YES;
				CLANG_WARN_SUSPICIOUS_MOVE = YES;
				CLANG_WARN_UNGUARDED_AVAILABILITY = YES_AGGRESSIVE;
				CLANG_WARN_UNREACHABLE_CODE = YES;
				CLANG_WARN__DUPLICATE_METHOD_MATCH = YES;
				CODE_SIGN_IDENTITY = "iPhone Developer";
				COPY_PHASE_STRIP = NO;
				CURRENT_PROJECT_VERSION = 1;
				DEBUG_INFORMATION_FORMAT = dwarf;
				ENABLE_STRICT_OBJC_MSGSEND = YES;
				ENABLE_TESTABILITY = YES;
				GCC_C_LANGUAGE_STANDARD = gnu11;
				GCC_DYNAMIC_NO_PIC = NO;
				GCC_NO_COMMON_BLOCKS = YES;
				GCC_OPTIMIZATION_LEVEL = 0;
				GCC_PREPROCESSOR_DEFINITIONS = (
					"DEBUG=1",
					"$(inherited)",
				);
				GCC_WARN_64_TO_32_BIT_CONVERSION = YES;
				GCC_WARN_ABOUT_RETURN_TYPE = YES_ERROR;
				GCC_WARN_UNDECLARED_SELECTOR = YES;
				GCC_WARN_UNINITIALIZED_AUTOS = YES_AGGRESSIVE;
				GCC_WARN_UNUSED_FUNCTION = YES;
				GCC_WARN_UNUSED_VARIABLE = YES;
				IPHONEOS_DEPLOYMENT_TARGET = 11.4;
				MTL_ENABLE_DEBUG_INFO = INCLUDE_SOURCE;
				MTL_FAST_MATH = YES;
				ONLY_ACTIVE_ARCH = YES;
				SDKROOT = iphoneos;
				TVOS_DEPLOYMENT_TARGET = 11.4;
				VERSIONING_SYSTEM = "apple-generic";
				VERSION_INFO_PREFIX = "";
			};
			name = Debug;
		};
		35D1B67621963FB700A3B9A6 /* Release */ = {
			isa = XCBuildConfiguration;
			buildSettings = {
				ALWAYS_SEARCH_USER_PATHS = NO;
				CLANG_ANALYZER_NONNULL = YES;
				CLANG_ANALYZER_NUMBER_OBJECT_CONVERSION = YES_AGGRESSIVE;
				CLANG_CXX_LANGUAGE_STANDARD = "gnu++14";
				CLANG_CXX_LIBRARY = "libc++";
				CLANG_ENABLE_MODULES = YES;
				CLANG_ENABLE_OBJC_ARC = YES;
				CLANG_ENABLE_OBJC_WEAK = YES;
				CLANG_WARN_BLOCK_CAPTURE_AUTORELEASING = YES;
				CLANG_WARN_BOOL_CONVERSION = YES;
				CLANG_WARN_COMMA = YES;
				CLANG_WARN_CONSTANT_CONVERSION = YES;
				CLANG_WARN_DEPRECATED_OBJC_IMPLEMENTATIONS = YES;
				CLANG_WARN_DIRECT_OBJC_ISA_USAGE = YES_ERROR;
				CLANG_WARN_DOCUMENTATION_COMMENTS = YES;
				CLANG_WARN_EMPTY_BODY = YES;
				CLANG_WARN_ENUM_CONVERSION = YES;
				CLANG_WARN_INFINITE_RECURSION = YES;
				CLANG_WARN_INT_CONVERSION = YES;
				CLANG_WARN_NON_LITERAL_NULL_CONVERSION = YES;
				CLANG_WARN_OBJC_IMPLICIT_RETAIN_SELF = YES;
				CLANG_WARN_OBJC_LITERAL_CONVERSION = YES;
				CLANG_WARN_OBJC_ROOT_CLASS = YES_ERROR;
				CLANG_WARN_RANGE_LOOP_ANALYSIS = YES;
				CLANG_WARN_STRICT_PROTOTYPES = YES;
				CLANG_WARN_SUSPICIOUS_MOVE = YES;
				CLANG_WARN_UNGUARDED_AVAILABILITY = YES_AGGRESSIVE;
				CLANG_WARN_UNREACHABLE_CODE = YES;
				CLANG_WARN__DUPLICATE_METHOD_MATCH = YES;
				CODE_SIGN_IDENTITY = "iPhone Developer";
				COPY_PHASE_STRIP = NO;
				CURRENT_PROJECT_VERSION = 1;
				DEBUG_INFORMATION_FORMAT = "dwarf-with-dsym";
				ENABLE_NS_ASSERTIONS = NO;
				ENABLE_STRICT_OBJC_MSGSEND = YES;
				GCC_C_LANGUAGE_STANDARD = gnu11;
				GCC_NO_COMMON_BLOCKS = YES;
				GCC_WARN_64_TO_32_BIT_CONVERSION = YES;
				GCC_WARN_ABOUT_RETURN_TYPE = YES_ERROR;
				GCC_WARN_UNDECLARED_SELECTOR = YES;
				GCC_WARN_UNINITIALIZED_AUTOS = YES_AGGRESSIVE;
				GCC_WARN_UNUSED_FUNCTION = YES;
				GCC_WARN_UNUSED_VARIABLE = YES;
				IPHONEOS_DEPLOYMENT_TARGET = 11.4;
				MTL_ENABLE_DEBUG_INFO = NO;
				MTL_FAST_MATH = YES;
				SDKROOT = iphoneos;
				TVOS_DEPLOYMENT_TARGET = 11.4;
				VALIDATE_PRODUCT = YES;
				VERSIONING_SYSTEM = "apple-generic";
				VERSION_INFO_PREFIX = "";
			};
			name = Release;
		};
		35D1B67821963FB700A3B9A6 /* Debug */ = {
			isa = XCBuildConfiguration;
			buildSettings = {
				CODE_SIGN_IDENTITY = "";
				CODE_SIGN_STYLE = Automatic;
				DEFINES_MODULE = YES;
				DEVELOPMENT_TEAM = P3SL8HVN4S;
				DYLIB_COMPATIBILITY_VERSION = 1;
				DYLIB_CURRENT_VERSION = 1;
				DYLIB_INSTALL_NAME_BASE = "@rpath";
				INFOPLIST_FILE = CNIOZlib/Info.plist;
				INSTALL_PATH = "$(LOCAL_LIBRARY_DIR)/Frameworks";
				LD_RUNPATH_SEARCH_PATHS = (
					"$(inherited)",
					"@executable_path/Frameworks",
					"@loader_path/Frameworks",
				);
				PRODUCT_BUNDLE_IDENTIFIER = com.hk.lib.CNIOZlib;
				PRODUCT_NAME = "$(TARGET_NAME:c99extidentifier)";
				SKIP_INSTALL = YES;
				TARGETED_DEVICE_FAMILY = "1,2";
			};
			name = Debug;
		};
		35D1B67921963FB700A3B9A6 /* Release */ = {
			isa = XCBuildConfiguration;
			buildSettings = {
				CODE_SIGN_IDENTITY = "";
				CODE_SIGN_STYLE = Automatic;
				DEFINES_MODULE = YES;
				DEVELOPMENT_TEAM = P3SL8HVN4S;
				DYLIB_COMPATIBILITY_VERSION = 1;
				DYLIB_CURRENT_VERSION = 1;
				DYLIB_INSTALL_NAME_BASE = "@rpath";
				INFOPLIST_FILE = CNIOZlib/Info.plist;
				INSTALL_PATH = "$(LOCAL_LIBRARY_DIR)/Frameworks";
				LD_RUNPATH_SEARCH_PATHS = (
					"$(inherited)",
					"@executable_path/Frameworks",
					"@loader_path/Frameworks",
				);
				PRODUCT_BUNDLE_IDENTIFIER = com.hk.lib.CNIOZlib;
				PRODUCT_NAME = "$(TARGET_NAME:c99extidentifier)";
				SKIP_INSTALL = YES;
				TARGETED_DEVICE_FAMILY = "1,2";
			};
			name = Release;
		};
		35D1B67B21963FB700A3B9A6 /* Debug */ = {
			isa = XCBuildConfiguration;
			buildSettings = {
				CODE_SIGN_STYLE = Automatic;
				DEVELOPMENT_TEAM = P3SL8HVN4S;
				INFOPLIST_FILE = CNIOZlibTests/Info.plist;
				LD_RUNPATH_SEARCH_PATHS = (
					"$(inherited)",
					"@executable_path/Frameworks",
					"@loader_path/Frameworks",
				);
				PRODUCT_BUNDLE_IDENTIFIER = com.hk.lib.CNIOZlibTests;
				PRODUCT_NAME = "$(TARGET_NAME)";
				TARGETED_DEVICE_FAMILY = "1,2";
			};
			name = Debug;
		};
		35D1B67C21963FB700A3B9A6 /* Release */ = {
			isa = XCBuildConfiguration;
			buildSettings = {
				CODE_SIGN_STYLE = Automatic;
				DEVELOPMENT_TEAM = P3SL8HVN4S;
				INFOPLIST_FILE = CNIOZlibTests/Info.plist;
				LD_RUNPATH_SEARCH_PATHS = (
					"$(inherited)",
					"@executable_path/Frameworks",
					"@loader_path/Frameworks",
				);
				PRODUCT_BUNDLE_IDENTIFIER = com.hk.lib.CNIOZlibTests;
				PRODUCT_NAME = "$(TARGET_NAME)";
				TARGETED_DEVICE_FAMILY = "1,2";
			};
			name = Release;
		};
		4615D87621969C430029477E /* Debug */ = {
			isa = XCBuildConfiguration;
			buildSettings = {
				CODE_SIGN_IDENTITY = "";
				CODE_SIGN_STYLE = Automatic;
				DEFINES_MODULE = YES;
				DEVELOPMENT_TEAM = P3SL8HVN4S;
				DYLIB_COMPATIBILITY_VERSION = 1;
				DYLIB_CURRENT_VERSION = 1;
				DYLIB_INSTALL_NAME_BASE = "@rpath";
				INFOPLIST_FILE = "$(SRCROOT)/CNIOZlib/Info.plist";
				INSTALL_PATH = "$(LOCAL_LIBRARY_DIR)/Frameworks";
				LD_RUNPATH_SEARCH_PATHS = (
					"$(inherited)",
					"@executable_path/Frameworks",
					"@loader_path/Frameworks",
				);
				PRODUCT_BUNDLE_IDENTIFIER = com.hk.lib.CNIOZlibTV;
				PRODUCT_NAME = CNIOZlib;
				SDKROOT = appletvos;
				SKIP_INSTALL = YES;
				TARGETED_DEVICE_FAMILY = 3;
			};
			name = Debug;
		};
		4615D87721969C430029477E /* Release */ = {
			isa = XCBuildConfiguration;
			buildSettings = {
				CODE_SIGN_IDENTITY = "";
				CODE_SIGN_STYLE = Automatic;
				DEFINES_MODULE = YES;
				DEVELOPMENT_TEAM = P3SL8HVN4S;
				DYLIB_COMPATIBILITY_VERSION = 1;
				DYLIB_CURRENT_VERSION = 1;
				DYLIB_INSTALL_NAME_BASE = "@rpath";
				INFOPLIST_FILE = "$(SRCROOT)/CNIOZlib/Info.plist";
				INSTALL_PATH = "$(LOCAL_LIBRARY_DIR)/Frameworks";
				LD_RUNPATH_SEARCH_PATHS = (
					"$(inherited)",
					"@executable_path/Frameworks",
					"@loader_path/Frameworks",
				);
				PRODUCT_BUNDLE_IDENTIFIER = com.hk.lib.CNIOZlibTV;
				PRODUCT_NAME = CNIOZlib;
				SDKROOT = appletvos;
				SKIP_INSTALL = YES;
				TARGETED_DEVICE_FAMILY = 3;
			};
			name = Release;
		};
		4615D87921969C430029477E /* Debug */ = {
			isa = XCBuildConfiguration;
			buildSettings = {
				CODE_SIGN_STYLE = Automatic;
				DEVELOPMENT_TEAM = P3SL8HVN4S;
				INFOPLIST_FILE = CNIOZlibTests/Info.plist;
				LD_RUNPATH_SEARCH_PATHS = (
					"$(inherited)",
					"@executable_path/Frameworks",
					"@loader_path/Frameworks",
				);
				PRODUCT_BUNDLE_IDENTIFIER = com.hk.lib.CNIOZlibTVTests;
				PRODUCT_NAME = "$(TARGET_NAME)";
				SDKROOT = appletvos;
				TARGETED_DEVICE_FAMILY = 3;
			};
			name = Debug;
		};
		4615D87A21969C430029477E /* Release */ = {
			isa = XCBuildConfiguration;
			buildSettings = {
				CODE_SIGN_STYLE = Automatic;
				DEVELOPMENT_TEAM = P3SL8HVN4S;
				INFOPLIST_FILE = CNIOZlibTests/Info.plist;
				LD_RUNPATH_SEARCH_PATHS = (
					"$(inherited)",
					"@executable_path/Frameworks",
					"@loader_path/Frameworks",
				);
				PRODUCT_BUNDLE_IDENTIFIER = com.hk.lib.CNIOZlibTVTests;
				PRODUCT_NAME = "$(TARGET_NAME)";
				SDKROOT = appletvos;
				TARGETED_DEVICE_FAMILY = 3;
			};
			name = Release;
		};
/* End XCBuildConfiguration section */

/* Begin XCConfigurationList section */
		35D1B65D21963FB700A3B9A6 /* Build configuration list for PBXProject "CNIOZlib" */ = {
			isa = XCConfigurationList;
			buildConfigurations = (
				35D1B67521963FB700A3B9A6 /* Debug */,
				35D1B67621963FB700A3B9A6 /* Release */,
			);
			defaultConfigurationIsVisible = 0;
			defaultConfigurationName = Release;
		};
		35D1B67721963FB700A3B9A6 /* Build configuration list for PBXNativeTarget "CNIOZlib" */ = {
			isa = XCConfigurationList;
			buildConfigurations = (
				35D1B67821963FB700A3B9A6 /* Debug */,
				35D1B67921963FB700A3B9A6 /* Release */,
			);
			defaultConfigurationIsVisible = 0;
			defaultConfigurationName = Release;
		};
		35D1B67A21963FB700A3B9A6 /* Build configuration list for PBXNativeTarget "CNIOZlibTests" */ = {
			isa = XCConfigurationList;
			buildConfigurations = (
				35D1B67B21963FB700A3B9A6 /* Debug */,
				35D1B67C21963FB700A3B9A6 /* Release */,
			);
			defaultConfigurationIsVisible = 0;
			defaultConfigurationName = Release;
		};
		4615D87521969C430029477E /* Build configuration list for PBXNativeTarget "CNIOZlibTV" */ = {
			isa = XCConfigurationList;
			buildConfigurations = (
				4615D87621969C430029477E /* Debug */,
				4615D87721969C430029477E /* Release */,
			);
			defaultConfigurationIsVisible = 0;
			defaultConfigurationName = Release;
		};
		4615D87821969C430029477E /* Build configuration list for PBXNativeTarget "CNIOZlibTVTests" */ = {
			isa = XCConfigurationList;
			buildConfigurations = (
				4615D87921969C430029477E /* Debug */,
				4615D87A21969C430029477E /* Release */,
			);
			defaultConfigurationIsVisible = 0;
			defaultConfigurationName = Release;
		};
/* End XCConfigurationList section */
	};
	rootObject = 35D1B65A21963FB700A3B9A6 /* Project object */;
}
